
Microsoft Visual Studio Solution File, Format Version 12.00
# Visual Studio Version 16
VisualStudioVersion = 16.0.30204.135
MinimumVisualStudioVersion = 10.0.40219.1
Project("{FAE04EC0-301F-11D3-BF4B-00C04F79EFBC}") = "killproc", "killproc\killproc.csproj", "{8894DDDB-66F8-4A8B-B553-94AC3F3CCAB6}"
EndProject
Global
	GlobalSection(SolutionConfigurationPlatforms) = preSolution
		Debug|Any CPU = Debug|Any CPU
		Release|Any CPU = Release|Any CPU
	EndGlobalSection
	GlobalSection(ProjectConfigurationPlatforms) = postSolution
		{8894DDDB-66F8-4A8B-B553-94AC3F3CCAB6}.Debug|Any CPU.ActiveCfg = Debug|Any CPU
		{8894DDDB-66F8-4A8B-B553-94AC3F3CCAB6}.Debug|Any CPU.Build.0 = Debug|Any CPU
		{8894DDDB-66F8-4A8B-B553-94AC3F3CCAB6}.Release|Any CPU.ActiveCfg = Release|Any CPU
		{8894DDDB-66F8-4A8B-B553-94AC3F3CCAB6}.Release|Any CPU.Build.0 = Release|Any CPU
	EndGlobalSection
	GlobalSection(SolutionProperties) = preSolution
		HideSolutionNode = FALSE
	EndGlobalSection
	GlobalSection(ExtensibilityGlobals) = postSolution
		SolutionGuid = {7825E06E-B1DA-4266-A01A-FF3FABC4E2D3}
	EndGlobalSection
EndGlobal
